
Microsoft Visual Studio Solution File, Format Version 12.00
# Visual Studio Version 16
VisualStudioVersion = 16.0.29102.190
MinimumVisualStudioVersion = 10.0.40219.1
Project("{9A19103F-16F7-4668-BE54-9A1E7A4F7556}") = "DotNetCoreAzureDynamicDNS", "DotNetCoreAzureDynamicDNS\DotNetCoreAzureDynamicDNS.csproj", "{35F8B27A-00F6-43BE-AC99-5F9097C51A4F}"
EndProject
Global
	GlobalSection(SolutionConfigurationPlatforms) = preSolution
		Debug|Any CPU = Debug|Any CPU
		new|Any CPU = new|Any CPU
		Release|Any CPU = Release|Any CPU
	EndGlobalSection
	GlobalSection(ProjectConfigurationPlatforms) = postSolution
		{35F8B27A-00F6-43BE-AC99-5F9097C51A4F}.Debug|Any CPU.ActiveCfg = Debug|Any CPU
		{35F8B27A-00F6-43BE-AC99-5F9097C51A4F}.Debug|Any CPU.Build.0 = Debug|Any CPU
		{35F8B27A-00F6-43BE-AC99-5F9097C51A4F}.new|Any CPU.ActiveCfg = new|Any CPU
		{35F8B27A-00F6-43BE-AC99-5F9097C51A4F}.new|Any CPU.Build.0 = new|Any CPU
		{35F8B27A-00F6-43BE-AC99-5F9097C51A4F}.Release|Any CPU.ActiveCfg = Release|Any CPU
		{35F8B27A-00F6-43BE-AC99-5F9097C51A4F}.Release|Any CPU.Build.0 = Release|Any CPU
	EndGlobalSection
	GlobalSection(SolutionProperties) = preSolution
		HideSolutionNode = FALSE
	EndGlobalSection
	GlobalSection(ExtensibilityGlobals) = postSolution
		SolutionGuid = {4316E0EC-DB3F-4AA8-83C1-52C480B67E55}
	EndGlobalSection
EndGlobal
